Microsoft Visual Studio Solution File, Format Version 12.00
# Visual Studio Version 17
VisualStudioVersion = 17.5.2.0
MinimumVisualStudioVersion = 10.0.40219.1
Project("{FAE04EC0-301F-11D3-BF4B-00C04F79EFBC}") = "WeChatAuto.Tests", "WeChatAuto.Tests.csproj", "{B5BEC812-10FB-058D-85EB-6510CAC7D867}"
EndProject
Global
	GlobalSection(SolutionConfigurationPlatforms) = preSolution
		Debug|Any CPU = Debug|Any CPU
		Release|Any CPU = Release|Any CPU
	EndGlobalSection
	GlobalSection(ProjectConfigurationPlatforms) = postSolution
		{B5BEC812-10FB-058D-85EB-6510CAC7D867}.Debug|Any CPU.ActiveCfg = Debug|Any CPU
		{B5BEC812-10FB-058D-85EB-6510CAC7D867}.Debug|Any CPU.Build.0 = Debug|Any CPU
		{B5BEC812-10FB-058D-85EB-6510CAC7D867}.Release|Any CPU.ActiveCfg = Release|Any CPU
		{B5BEC812-10FB-058D-85EB-6510CAC7D867}.Release|Any CPU.Build.0 = Release|Any CPU
	EndGlobalSection
	GlobalSection(SolutionProperties) = preSolution
		HideSolutionNode = FALSE
	EndGlobalSection
	GlobalSection(ExtensibilityGlobals) = postSolution
		SolutionGuid = {E734D948-4613-45F0-ACA0-B9682ADF7FA4}
	EndGlobalSection
EndGlobal
